
Microsoft Visual Studio Solution File, Format Version 12.00
# Visual Studio Version 17
VisualStudioVersion = 17.1.32407.343
MinimumVisualStudioVersion = 10.0.40219.1
Project("{FAE04EC0-301F-11D3-BF4B-00C04F79EFBC}") = "ControlsTest", "ControlsTest\ControlsTest.csproj", "{5805FB87-19E9-41CA-8451-F45EBF06E262}"
EndProject
Project("{FAE04EC0-301F-11D3-BF4B-00C04F79EFBC}") = "WPFTreeView", "WPFTreeView\WPFTreeView.csproj", "{0B25BE5C-C11C-42FF-9A7B-7E41FB21E431}"
EndProject
Global
	GlobalSection(SolutionConfigurationPlatforms) = preSolution
		Debug|Any CPU = Debug|Any CPU
		Release|Any CPU = Release|Any CPU
	EndGlobalSection
	GlobalSection(ProjectConfigurationPlatforms) = postSolution
		{5805FB87-19E9-41CA-8451-F45EBF06E262}.Debug|Any CPU.ActiveCfg = Debug|Any CPU
		{5805FB87-19E9-41CA-8451-F45EBF06E262}.Debug|Any CPU.Build.0 = Debug|Any CPU
		{5805FB87-19E9-41CA-8451-F45EBF06E262}.Release|Any CPU.ActiveCfg = Release|Any CPU
		{5805FB87-19E9-41CA-8451-F45EBF06E262}.Release|Any CPU.Build.0 = Release|Any CPU
		{0B25BE5C-C11C-42FF-9A7B-7E41FB21E431}.Debug|Any CPU.ActiveCfg = Debug|Any CPU
		{0B25BE5C-C11C-42FF-9A7B-7E41FB21E431}.Debug|Any CPU.Build.0 = Debug|Any CPU
		{0B25BE5C-C11C-42FF-9A7B-7E41FB21E431}.Release|Any CPU.ActiveCfg = Release|Any CPU
		{0B25BE5C-C11C-42FF-9A7B-7E41FB21E431}.Release|Any CPU.Build.0 = Release|Any CPU
	EndGlobalSection
	GlobalSection(SolutionProperties) = preSolution
		HideSolutionNode = FALSE
	EndGlobalSection
	GlobalSection(ExtensibilityGlobals) = postSolution
		SolutionGuid = {7EF6F4A4-5A02-4FC4-9E75-F90CB05E4E1C}
	EndGlobalSection
EndGlobal
